
Microsoft Visual Studio Solution File, Format Version 12.00
# Visual Studio 15
VisualStudioVersion = 15.0.26228.9
MinimumVisualStudioVersion = 10.0.40219.1
Project("{F184B08F-C81C-45F6-A57F-5ABD9991F28F}") = "WindowsApp2", "WindowsApp2\WindowsApp2.vbproj", "{E67162EF-D73B-4189-8970-ABA17FB4004A}"
EndProject
Global
	GlobalSection(SolutionConfigurationPlatforms) = preSolution
		Debug|Any CPU = Debug|Any CPU
		Release|Any CPU = Release|Any CPU
	EndGlobalSection
	GlobalSection(ProjectConfigurationPlatforms) = postSolution
		{E67162EF-D73B-4189-8970-ABA17FB4004A}.Debug|Any CPU.ActiveCfg = Debug|Any CPU
		{E67162EF-D73B-4189-8970-ABA17FB4004A}.Debug|Any CPU.Build.0 = Debug|Any CPU
		{E67162EF-D73B-4189-8970-ABA17FB4004A}.Release|Any CPU.ActiveCfg = Release|Any CPU
		{E67162EF-D73B-4189-8970-ABA17FB4004A}.Release|Any CPU.Build.0 = Release|Any CPU
	EndGlobalSection
	GlobalSection(SolutionProperties) = preSolution
		HideSolutionNode = FALSE
	EndGlobalSection
EndGlobal
